
Microsoft Visual Studio Solution File, Format Version 12.00
# Visual Studio Version 17
VisualStudioVersion = 17.3.32929.385
MinimumVisualStudioVersion = 10.0.40219.1
Project("{FAE04EC0-301F-11D3-BF4B-00C04F79EFBC}") = "System.BitConverter1", "System.BitConverter1\System.BitConverter1.csproj", "{03DA1125-F7D7-4098-9AA2-123DDFE6941C}"
EndProject
Global
	GlobalSection(SolutionConfigurationPlatforms) = preSolution
		Debug|Any CPU = Debug|Any CPU
		Release|Any CPU = Release|Any CPU
	EndGlobalSection
	GlobalSection(ProjectConfigurationPlatforms) = postSolution
		{03DA1125-F7D7-4098-9AA2-123DDFE6941C}.Debug|Any CPU.ActiveCfg = Debug|Any CPU
		{03DA1125-F7D7-4098-9AA2-123DDFE6941C}.Debug|Any CPU.Build.0 = Debug|Any CPU
		{03DA1125-F7D7-4098-9AA2-123DDFE6941C}.Release|Any CPU.ActiveCfg = Release|Any CPU
		{03DA1125-F7D7-4098-9AA2-123DDFE6941C}.Release|Any CPU.Build.0 = Release|Any CPU
	EndGlobalSection
	GlobalSection(SolutionProperties) = preSolution
		HideSolutionNode = FALSE
	EndGlobalSection
	GlobalSection(ExtensibilityGlobals) = postSolution
		SolutionGuid = {31DBFF90-23A2-4816-A953-167B955B0C86}
	EndGlobalSection
EndGlobal
